
Microsoft Visual Studio Solution File, Format Version 12.00
# Visual Studio Version 17
VisualStudioVersion = 17.1.32228.430
MinimumVisualStudioVersion = 10.0.40219.1
Project("{2150E333-8FDC-42A3-9474-1A3956D46DE8}") = "Crossword", "Crossword", "{30B4CDD0-EF4D-4885-AFB0-427A6B16114A}"
EndProject
Project("{E53339B2-1760-4266-BCC7-CA923CBCF16C}") = "docker-compose", "docker-compose.dcproj", "{6EFDA40E-7505-4F29-B5C3-335E11AD304F}"
EndProject
Project("{2150E333-8FDC-42A3-9474-1A3956D46DE8}") = "Term", "Term", "{BAFF76D3-A4D6-4FC4-BDFD-F609CB35737E}"
EndProject
Project("{9A19103F-16F7-4668-BE54-9A1E7A4F7556}") = "Term.WebAPI", "Term.WebAPI\Term.WebAPI.csproj", "{D1386F82-5653-432C-940B-7AE82AF68767}"
EndProject
Project("{9A19103F-16F7-4668-BE54-9A1E7A4F7556}") = "Crossword.Domain", "Crossword.Domain\Crossword.Domain.csproj", "{4A528107-16B8-4FC5-9F9D-630FDF152A3C}"
EndProject
Project("{9A19103F-16F7-4668-BE54-9A1E7A4F7556}") = "Crossword.Application", "Crossword.Application\Crossword.Application.csproj", "{B401F384-5338-473C-B983-518087D30C5A}"
EndProject
Project("{9A19103F-16F7-4668-BE54-9A1E7A4F7556}") = "Term.Domain", "Term.Domain\Term.Domain.csproj", "{15CB2F74-C7C7-4AB8-94F3-1B465F9B7EA5}"
EndProject
Project("{9A19103F-16F7-4668-BE54-9A1E7A4F7556}") = "Term.Application", "Term.Application\Term.Application.csproj", "{6A22BD47-868D-4C10-83BD-E30C0BB4234D}"
EndProject
Project("{9A19103F-16F7-4668-BE54-9A1E7A4F7556}") = "Term.Infra", "Term.Infra\Term.Infra.csproj", "{ABE6AA12-8F6A-4EF8-94B7-DA894B9FA0EC}"
EndProject
Project("{9A19103F-16F7-4668-BE54-9A1E7A4F7556}") = "Crossword.WebAPI", "Crossword.WebAPI\Crossword.WebAPI.csproj", "{77A4264C-1FB4-4A1B-8F68-C28C9EDAA188}"
EndProject
Global
	GlobalSection(SolutionConfigurationPlatforms) = preSolution
		Debug|Any CPU = Debug|Any CPU
		Release|Any CPU = Release|Any CPU
	EndGlobalSection
	GlobalSection(ProjectConfigurationPlatforms) = postSolution
		{6EFDA40E-7505-4F29-B5C3-335E11AD304F}.Debug|Any CPU.ActiveCfg = Debug|Any CPU
		{6EFDA40E-7505-4F29-B5C3-335E11AD304F}.Debug|Any CPU.Build.0 = Debug|Any CPU
		{6EFDA40E-7505-4F29-B5C3-335E11AD304F}.Release|Any CPU.ActiveCfg = Release|Any CPU
		{6EFDA40E-7505-4F29-B5C3-335E11AD304F}.Release|Any CPU.Build.0 = Release|Any CPU
		{D1386F82-5653-432C-940B-7AE82AF68767}.Debug|Any CPU.ActiveCfg = Debug|Any CPU
		{D1386F82-5653-432C-940B-7AE82AF68767}.Debug|Any CPU.Build.0 = Debug|Any CPU
		{D1386F82-5653-432C-940B-7AE82AF68767}.Release|Any CPU.ActiveCfg = Release|Any CPU
		{D1386F82-5653-432C-940B-7AE82AF68767}.Release|Any CPU.Build.0 = Release|Any CPU
		{4A528107-16B8-4FC5-9F9D-630FDF152A3C}.Debug|Any CPU.ActiveCfg = Debug|Any CPU
		{4A528107-16B8-4FC5-9F9D-630FDF152A3C}.Debug|Any CPU.Build.0 = Debug|Any CPU
		{4A528107-16B8-4FC5-9F9D-630FDF152A3C}.Release|Any CPU.ActiveCfg = Release|Any CPU
		{4A528107-16B8-4FC5-9F9D-630FDF152A3C}.Release|Any CPU.Build.0 = Release|Any CPU
		{B401F384-5338-473C-B983-518087D30C5A}.Debug|Any CPU.ActiveCfg = Debug|Any CPU
		{B401F384-5338-473C-B983-518087D30C5A}.Debug|Any CPU.Build.0 = Debug|Any CPU
		{B401F384-5338-473C-B983-518087D30C5A}.Release|Any CPU.ActiveCfg = Release|Any CPU
		{B401F384-5338-473C-B983-518087D30C5A}.Release|Any CPU.Build.0 = Release|Any CPU
		{15CB2F74-C7C7-4AB8-94F3-1B465F9B7EA5}.Debug|Any CPU.ActiveCfg = Debug|Any CPU
		{15CB2F74-C7C7-4AB8-94F3-1B465F9B7EA5}.Debug|Any CPU.Build.0 = Debug|Any CPU
		{15CB2F74-C7C7-4AB8-94F3-1B465F9B7EA5}.Release|Any CPU.ActiveCfg = Release|Any CPU
		{15CB2F74-C7C7-4AB8-94F3-1B465F9B7EA5}.Release|Any CPU.Build.0 = Release|Any CPU
		{6A22BD47-868D-4C10-83BD-E30C0BB4234D}.Debug|Any CPU.ActiveCfg = Debug|Any CPU
		{6A22BD47-868D-4C10-83BD-E30C0BB4234D}.Debug|Any CPU.Build.0 = Debug|Any CPU
		{6A22BD47-868D-4C10-83BD-E30C0BB4234D}.Release|Any CPU.ActiveCfg = Release|Any CPU
		{6A22BD47-868D-4C10-83BD-E30C0BB4234D}.Release|Any CPU.Build.0 = Release|Any CPU
		{ABE6AA12-8F6A-4EF8-94B7-DA894B9FA0EC}.Debug|Any CPU.ActiveCfg = Debug|Any CPU
		{ABE6AA12-8F6A-4EF8-94B7-DA894B9FA0EC}.Debug|Any CPU.Build.0 = Debug|Any CPU
		{ABE6AA12-8F6A-4EF8-94B7-DA894B9FA0EC}.Release|Any CPU.ActiveCfg = Release|Any CPU
		{ABE6AA12-8F6A-4EF8-94B7-DA894B9FA0EC}.Release|Any CPU.Build.0 = Release|Any CPU
		{77A4264C-1FB4-4A1B-8F68-C28C9EDAA188}.Debug|Any CPU.ActiveCfg = Debug|Any CPU
		{77A4264C-1FB4-4A1B-8F68-C28C9EDAA188}.Debug|Any CPU.Build.0 = Debug|Any CPU
		{77A4264C-1FB4-4A1B-8F68-C28C9EDAA188}.Release|Any CPU.ActiveCfg = Release|Any CPU
		{77A4264C-1FB4-4A1B-8F68-C28C9EDAA188}.Release|Any CPU.Build.0 = Release|Any CPU
	EndGlobalSection
	GlobalSection(SolutionProperties) = preSolution
		HideSolutionNode = FALSE
	EndGlobalSection
	GlobalSection(NestedProjects) = preSolution
		{D1386F82-5653-432C-940B-7AE82AF68767} = {BAFF76D3-A4D6-4FC4-BDFD-F609CB35737E}
		{4A528107-16B8-4FC5-9F9D-630FDF152A3C} = {30B4CDD0-EF4D-4885-AFB0-427A6B16114A}
		{B401F384-5338-473C-B983-518087D30C5A} = {30B4CDD0-EF4D-4885-AFB0-427A6B16114A}
		{15CB2F74-C7C7-4AB8-94F3-1B465F9B7EA5} = {BAFF76D3-A4D6-4FC4-BDFD-F609CB35737E}
		{6A22BD47-868D-4C10-83BD-E30C0BB4234D} = {BAFF76D3-A4D6-4FC4-BDFD-F609CB35737E}
		{ABE6AA12-8F6A-4EF8-94B7-DA894B9FA0EC} = {BAFF76D3-A4D6-4FC4-BDFD-F609CB35737E}
		{77A4264C-1FB4-4A1B-8F68-C28C9EDAA188} = {30B4CDD0-EF4D-4885-AFB0-427A6B16114A}
	EndGlobalSection
	GlobalSection(ExtensibilityGlobals) = postSolution
		SolutionGuid = {220DD39C-4E4A-495F-A9E9-1D406580CB73}
	EndGlobalSection
EndGlobal
